
Microsoft Visual Studio Solution File, Format Version 12.00
# Visual Studio Version 16
VisualStudioVersion = 16.0.29709.97
MinimumVisualStudioVersion = 10.0.40219.1
Project("{FAE04EC0-301F-11D3-BF4B-00C04F79EFBC}") = "Dog", "Dog\Dog.csproj", "{9E4BF37D-56E9-4F5E-B273-A2FBFE8B5E57}"
EndProject
Global
	GlobalSection(SolutionConfigurationPlatforms) = preSolution
		Debug|Any CPU = Debug|Any CPU
		Release|Any CPU = Release|Any CPU
	EndGlobalSection
	GlobalSection(ProjectConfigurationPlatforms) = postSolution
		{9E4BF37D-56E9-4F5E-B273-A2FBFE8B5E57}.Debug|Any CPU.ActiveCfg = Debug|Any CPU
		{9E4BF37D-56E9-4F5E-B273-A2FBFE8B5E57}.Debug|Any CPU.Build.0 = Debug|Any CPU
		{9E4BF37D-56E9-4F5E-B273-A2FBFE8B5E57}.Release|Any CPU.ActiveCfg = Release|Any CPU
		{9E4BF37D-56E9-4F5E-B273-A2FBFE8B5E57}.Release|Any CPU.Build.0 = Release|Any CPU
	EndGlobalSection
	GlobalSection(SolutionProperties) = preSolution
		HideSolutionNode = FALSE
	EndGlobalSection
	GlobalSection(ExtensibilityGlobals) = postSolution
		SolutionGuid = {87029949-ADEE-40F9-9688-2F44DF836681}
	EndGlobalSection
EndGlobal
